
Microsoft Visual Studio Solution File, Format Version 12.00
# Visual Studio Version 16
VisualStudioVersion = 16.0.31019.35
MinimumVisualStudioVersion = 10.0.40219.1
Project("{FAE04EC0-301F-11D3-BF4B-00C04F79EFBC}") = "ConsoleApp1", "ConsoleApp1.csproj", "{02CFEB00-6192-4517-BF45-040E511677A1}"
EndProject
Project("{2150E333-8FDC-42A3-9474-1A3956D46DE8}") = "Solution Items", "Solution Items", "{801DFF38-9727-46C3-8FC8-00663014BDBF}"
EndProject
Global
	GlobalSection(SolutionConfigurationPlatforms) = preSolution
		Debug|Any CPU = Debug|Any CPU
		Release|Any CPU = Release|Any CPU
	EndGlobalSection
	GlobalSection(ProjectConfigurationPlatforms) = postSolution
		{02CFEB00-6192-4517-BF45-040E511677A1}.Debug|Any CPU.ActiveCfg = Debug|Any CPU
		{02CFEB00-6192-4517-BF45-040E511677A1}.Debug|Any CPU.Build.0 = Debug|Any CPU
		{02CFEB00-6192-4517-BF45-040E511677A1}.Release|Any CPU.ActiveCfg = Release|Any CPU
		{02CFEB00-6192-4517-BF45-040E511677A1}.Release|Any CPU.Build.0 = Release|Any CPU
	EndGlobalSection
	GlobalSection(SolutionProperties) = preSolution
		HideSolutionNode = FALSE
	EndGlobalSection
	GlobalSection(ExtensibilityGlobals) = postSolution
		SolutionGuid = {DE55EA5D-87CE-4874-9D38-68CCBDCA5A0E}
	EndGlobalSection
EndGlobal
